hash: b499d554f4cb67661181be8b786fd97227a16f6aad804970cbf25c684febb9ee
updated: 2017-03-28T15:27:57.376207574+08:00
imports:
- name: github.com/opencontainers/go-digest
  version: aa2ec055abd10d26d539eb630a92241b781ce4bc
- name: github.com/opencontainers/image-spec
  version: 5faaada8762b465d5ce8a8da27b92d577a1aa576
  subpackages:
  - schema
  - specs-go
  - specs-go/v1
- name: github.com/opencontainers/runtime-spec
  version: 339eba52400dde8732b03e32624607a4517a556c
  subpackages:
  - specs-go
- name: github.com/pkg/errors
  version: 17b591df37844cde689f4d5813e5cea0927d8dd2
- name: github.com/Sirupsen/logrus
  version: 4b6ea7319e214d98c938f12692336f7ca9348d6b
- name: github.com/urfave/cli
  version: 0bdeddeeb0f650497d603c4ad7b20cfe685682f6
- name: github.com/xeipuuv/gojsonpointer
  version: 6fe8760cad3569743d51ddbb243b26f8456742dc
- name: github.com/xeipuuv/gojsonreference
  version: e02fc20de94c78484cd5ffb007f8af96be030a45
- name: github.com/xeipuuv/gojsonschema
  version: d5336c75940ef31c9ceeb0ae64cf92944bccb4ee
- name: go4.org
  version: 169ea6cabe2a4888dba958edaecc9e9751adc711
  subpackages:
  - errorutil
- name: golang.org/x/sys
  version: afadfcc7779c1f4db0f6f6438afcb108d9c9c7cd
  subpackages:
  - unix
testImports: []
