hash: aece9eb70162cb48739e60c1f0592731ce1a9b635b0ce17f3a68365db5a2544a
updated: 2016-11-03T11:32:40.340825945+08:00
imports:
- name: github.com/inconshreveable/mousetrap
  version: 76626ae9c91c4f2a10f34cad8ce83ea42c93bb75
- name: github.com/opencontainers/image-spec
  version: 6e820ec55259e89ccd7092f3131c63e8419a349b
  subpackages:
  - schema
  - specs-go
  - specs-go/v1
- name: github.com/opencontainers/runtime-spec
  version: 7dab1a245d3e13d0ad03b77409d0bf7e00a6ada4
  subpackages:
  - specs-go
- name: github.com/pkg/errors
  version: 17b591df37844cde689f4d5813e5cea0927d8dd2
- name: github.com/spf13/cobra
  version: 9c28e4bbd74e5c3ed7aacbc552b2cab7cfdfe744
- name: github.com/spf13/pflag
  version: 7b17cc4658ef5ca157b986ea5c0b43af7938532b
- name: github.com/xeipuuv/gojsonpointer
  version: e0fe6f68307607d540ed8eac07a342c33fa1b54a
- name: github.com/xeipuuv/gojsonreference
  version: e02fc20de94c78484cd5ffb007f8af96be030a45
- name: github.com/xeipuuv/gojsonschema
  version: d5336c75940ef31c9ceeb0ae64cf92944bccb4ee
- name: go4.org
  version: 399a9d7bfe85437346a5ec4ef0450fc2f1084e61
  subpackages:
  - errorutil
testImports: []
