hash: 6a0c87b1f0083df1808b319687d593bde5c92202cf69d4241c3ecab43c503bc5
updated: 2017-08-29T22:16:59.106122487+02:00
imports:
- name: github.com/opencontainers/go-digest
  version: aa2ec055abd10d26d539eb630a92241b781ce4bc
- name: github.com/opencontainers/image-spec
  version: ab7389ef9f50030c9b245bc16b981c7ddf192882
  subpackages:
  - schema
  - specs-go
  - specs-go/v1
- name: github.com/opencontainers/runtime-spec
  version: 02137cd4e50b37a01665e1731fcd4ac2d2178230
  subpackages:
  - specs-go
- name: github.com/pkg/errors
  version: 645ef00459ed84a119197bfb8d8205042c6df63d
- name: github.com/sirupsen/logrus
  version: f006c2ac4710855cf0f916dd6b77acf6b048dc6e
- name: github.com/urfave/cli
  version: 0bdeddeeb0f650497d603c4ad7b20cfe685682f6
- name: github.com/xeipuuv/gojsonpointer
  version: 6fe8760cad3569743d51ddbb243b26f8456742dc
- name: github.com/xeipuuv/gojsonreference
  version: e02fc20de94c78484cd5ffb007f8af96be030a45
- name: github.com/xeipuuv/gojsonschema
  version: 0c8571ac0ce161a5feb57375a9cdf148c98c0f70
- name: go4.org
  version: 034d17a462f7b2dcd1a4a73553ec5357ff6e6c6e
  subpackages:
  - errorutil
- name: golang.org/x/crypto
  version: 81e90905daefcd6fd217b62423c0908922eadb30
  subpackages:
  - ssh/terminal
- name: golang.org/x/sys
  version: ab9e364efd8b52800ff7ee48a9ffba4e0ed78dfb
  subpackages:
  - unix
  - windows
testImports:
- name: github.com/dsnet/compress
  version: 0ae8e136a5df9e3caf6c0f69983608b07438411b
  subpackages:
  - bzip2
  - bzip2/internal/sais
  - internal
  - internal/errors
  - internal/prefix
